<?xml version="1.0" encoding="utf-8"?>
<Project ToolsVersion="4.0" xmlns="http://schemas.microsoft.com/developer/msbuild/2003">
  <ItemGroup>
    <Filter Include="Source Files">
      <UniqueIdentifier>{4FC737F1-C7A5-4376-A066-2A32D752A2FF}</UniqueIdentifier>
      <Extensions>cpp;c;cc;cxx;def;odl;idl;hpj;bat;asm;asmx</Extensions>
    </Filter>
    <Filter Include="Header Files">
      <UniqueIdentifier>{93995380-89BD-4b04-88EB-625FBE52EBFB}</UniqueIdentifier>
      <Extensions>h;hpp;hxx;hm;inl;inc;xsd</Extensions>
    </Filter>
    <Filter Include="MVC">
      <UniqueIdentifier>{da86c79c-ed52-4636-966d-66c36b5b0d46}</UniqueIdentifier>
    </Filter>
  </ItemGroup>
  <ItemGroup>
    <ClCompile Include="Source\main.cpp">
      <Filter>Source Files</Filter>
    </ClCompile>
    <ClCompile Include="Source\shader.cpp">
      <Filter>Source Files</Filter>
    </ClCompile>
    <ClCompile Include="Source\Mesh.cpp">
      <Filter>Source Files</Filter>
    </ClCompile>
    <ClCompile Include="Source\Camera.cpp">
      <Filter>Source Files</Filter>
    </ClCompile>
    <ClCompile Include="Source\MeshBuilder.cpp">
      <Filter>Source Files</Filter>
    </ClCompile>
    <ClCompile Include="Source\Utility.cpp">
      <Filter>Source Files</Filter>
    </ClCompile>
    <ClCompile Include="Source\LoadTGA.cpp">
      <Filter>Source Files</Filter>
    </ClCompile>
    <ClCompile Include="Source\Camera3.cpp">
      <Filter>Source Files</Filter>
    </ClCompile>
    <ClCompile Include="Source\LoadOBJ.cpp">
      <Filter>Source Files</Filter>
    </ClCompile>
    <ClCompile Include="Source\LoadHmap.cpp">
      <Filter>Source Files</Filter>
    </ClCompile>
    <ClCompile Include="Source\TileMap.cpp">
      <Filter>Source Files</Filter>
    </ClCompile>
    <ClCompile Include="Source\Controller.cpp">
      <Filter>MVC</Filter>
    </ClCompile>
    <ClCompile Include="Source\Model.cpp">
      <Filter>MVC</Filter>
    </ClCompile>
    <ClCompile Include="Source\View.cpp">
      <Filter>MVC</Filter>
    </ClCompile>
    <ClCompile Include="Source\Character.cpp">
      <Filter>Source Files</Filter>
    </ClCompile>
    <ClCompile Include="Source\PlayerCharacter.cpp">
      <Filter>Source Files</Filter>
    </ClCompile>
    <ClCompile Include="Source\MainMenuController.cpp">
      <Filter>MVC</Filter>
    </ClCompile>
    <ClCompile Include="Source\MainMenuModel.cpp">
      <Filter>MVC</Filter>
    </ClCompile>
    <ClCompile Include="Source\MainMenuView.cpp">
      <Filter>MVC</Filter>
    </ClCompile>
    <ClCompile Include="Source\GameController.cpp">
      <Filter>MVC</Filter>
    </ClCompile>
    <ClCompile Include="Source\GameModel.cpp">
      <Filter>MVC</Filter>
    </ClCompile>
    <ClCompile Include="Source\GameView.cpp">
      <Filter>MVC</Filter>
    </ClCompile>
    <ClCompile Include="Source\Inventory.cpp">
      <Filter>Source Files</Filter>
    </ClCompile>
    <ClCompile Include="Source\InventoryMenu.cpp">
      <Filter>Source Files</Filter>
    </ClCompile>
    <ClCompile Include="Source\Item.cpp">
      <Filter>Source Files</Filter>
    </ClCompile>
    <ClCompile Include="Source\AI.cpp">
      <Filter>Source Files</Filter>
    </ClCompile>
    <ClCompile Include="Source\LoS.cpp">
      <Filter>Source Files</Filter>
    </ClCompile>
    <ClCompile Include="Source\Pathfinding.cpp">
      <Filter>Source Files</Filter>
    </ClCompile>
    <ClCompile Include="Source\ReadFromText.cpp">
      <Filter>Source Files</Filter>
    </ClCompile>
    <ClCompile Include="Source\JSlvl.cpp">
      <Filter>MVC</Filter>
    </ClCompile>
    <ClCompile Include="Source\jslvl2.cpp">
      <Filter>MVC</Filter>
    </ClCompile>
    <ClCompile Include="Source\RyLevel.cpp">
      <Filter>MVC</Filter>
    </ClCompile>
    <ClCompile Include="Source\TutLvl2.cpp">
      <Filter>MVC</Filter>
    </ClCompile>
    <ClCompile Include="Source\TutLvl3.cpp">
      <Filter>MVC</Filter>
    </ClCompile>
    <ClCompile Include="Source\NDLvl.cpp">
      <Filter>MVC</Filter>
    </ClCompile>
    <ClCompile Include="Source\StoryModel1.cpp">
      <Filter>MVC</Filter>
    </ClCompile>
  </ItemGroup>
  <ItemGroup>
    <ClInclude Include="Source\Geometry.h">
      <Filter>Header Files</Filter>
    </ClInclude>
    <ClInclude Include="Source\shader.hpp">
      <Filter>Header Files</Filter>
    </ClInclude>
    <ClInclude Include="Source\Camera.h">
      <Filter>Header Files</Filter>
    </ClInclude>
    <ClInclude Include="Source\Mesh.h">
      <Filter>Header Files</Filter>
    </ClInclude>
    <ClInclude Include="Source\Vertex.h">
      <Filter>Header Files</Filter>
    </ClInclude>
    <ClInclude Include="Source\MeshBuilder.h">
      <Filter>Header Files</Filter>
    </ClInclude>
    <ClInclude Include="Source\Light.h">
      <Filter>Header Files</Filter>
    </ClInclude>
    <ClInclude Include="Source\Utility.h">
      <Filter>Header Files</Filter>
    </ClInclude>
    <ClInclude Include="Source\Material.h">
      <Filter>Header Files</Filter>
    </ClInclude>
    <ClInclude Include="Source\LoadTGA.h">
      <Filter>Header Files</Filter>
    </ClInclude>
    <ClInclude Include="Source\Camera3.h">
      <Filter>Header Files</Filter>
    </ClInclude>
    <ClInclude Include="Source\LoadOBJ.h">
      <Filter>Header Files</Filter>
    </ClInclude>
    <ClInclude Include="Source\LoadHmap.h">
      <Filter>Header Files</Filter>
    </ClInclude>
    <ClInclude Include="Source\Object.h">
      <Filter>Header Files</Filter>
    </ClInclude>
    <ClInclude Include="Source\TileMap.h">
      <Filter>Header Files</Filter>
    </ClInclude>
    <ClInclude Include="Source\Controller.h">
      <Filter>MVC</Filter>
    </ClInclude>
    <ClInclude Include="Source\View.h">
      <Filter>MVC</Filter>
    </ClInclude>
    <ClInclude Include="Source\Model.h">
      <Filter>MVC</Filter>
    </ClInclude>
    <ClInclude Include="Source\Character.h">
      <Filter>Header Files</Filter>
    </ClInclude>
    <ClInclude Include="Source\PlayerCharacter.h">
      <Filter>Header Files</Filter>
    </ClInclude>
    <ClInclude Include="Source\MainMenuController.h">
      <Filter>MVC</Filter>
    </ClInclude>
    <ClInclude Include="Source\MainMenuModel.h">
      <Filter>MVC</Filter>
    </ClInclude>
    <ClInclude Include="Source\MainMenuView.h">
      <Filter>MVC</Filter>
    </ClInclude>
    <ClInclude Include="Source\GameController.h">
      <Filter>MVC</Filter>
    </ClInclude>
    <ClInclude Include="Source\GameModel.h">
      <Filter>MVC</Filter>
    </ClInclude>
    <ClInclude Include="Source\GameView.h">
      <Filter>MVC</Filter>
    </ClInclude>
    <ClInclude Include="Source\Inventory.h">
      <Filter>Header Files</Filter>
    </ClInclude>
    <ClInclude Include="Source\InventoryMenu.h">
      <Filter>Header Files</Filter>
    </ClInclude>
    <ClInclude Include="Source\Item.h">
      <Filter>Header Files</Filter>
    </ClInclude>
    <ClInclude Include="Source\AI.h">
      <Filter>Header Files</Filter>
    </ClInclude>
    <ClInclude Include="Source\LoS.h">
      <Filter>Header Files</Filter>
    </ClInclude>
    <ClInclude Include="Source\Pathfinding.h">
      <Filter>Header Files</Filter>
    </ClInclude>
    <ClInclude Include="Source\ReadFromText.h">
      <Filter>Header Files</Filter>
    </ClInclude>
    <ClInclude Include="Source\JSLvl.h">
      <Filter>MVC</Filter>
    </ClInclude>
    <ClInclude Include="Source\jslvl2.h">
      <Filter>MVC</Filter>
    </ClInclude>
    <ClInclude Include="Source\RyLevel.h">
      <Filter>MVC</Filter>
    </ClInclude>
    <ClInclude Include="Source\TutLvl2.h">
      <Filter>MVC</Filter>
    </ClInclude>
    <ClInclude Include="Source\TutLvl3.h">
      <Filter>MVC</Filter>
    </ClInclude>
    <ClInclude Include="Source\NDLvl.h">
      <Filter>MVC</Filter>
    </ClInclude>
    <ClInclude Include="Source\StoryModel1.h">
      <Filter>MVC</Filter>
    </ClInclude>
  </ItemGroup>
</Project>